# This file is automatically @generated by Cargo.
# It is not intended for manual editing.
version = 4

[[package]]
name = "ab_glyph"
version = "0.2.32"
source = "registry+https://github.com/rust-lang/crates.io-index"
checksum = "01c0457472c38ea5bd1c3b5ada5e368271cb550be7a4ca4a0b4634e9913f6cc2"
dependencies = [
 "ab_glyph_rasterizer",
 "owned_ttf_parser",
]

[[package]]
name = "ab_glyph_rasterizer"
version = "0.1.8"
source = "registry+https://github.com/rust-lang/crates.io-index"
checksum = "c71b1793ee61086797f5c80b6efa2b8ffa6d5dd703f118545808a7f2e27f7046"

[[package]]
name = "adler2"
version = "2.0.1"
source = "registry+https://github.com/rust-lang/crates.io-index"
checksum = "320119579fcad9c21884f5c4861d16174d0e06250625266f50fe6898340abefa"

[[package]]
name = "ahash"
version = "0.8.12"
source = "registry+https://github.com/rust-lang/crates.io-index"
checksum = "5a15f179cd60c4584b8a8c596927aadc462e27f2ca70c04e0071964a73ba7a75"
dependencies = [
 "cfg-if",
 "once_cell",
 "version_check",
 "zerocopy",
]

[[package]]
name = "arrayref"
version = "0.3.9"
source = "registry+https://github.com/rust-lang/crates.io-index"
checksum = "76a2e8124351fda1ef8aaaa3bbd7ebbcb486bbcd4225aca0aa0d84bb2db8fecb"

[[package]]
name = "arrayvec"
version = "0.7.6"
source = "registry+https://github.com/rust-lang/crates.io-index"
checksum = "7c02d123df017efcdfbd739ef81735b36c5ba83ec3c59c80a9d7ecc718f92e50"

[[package]]
name = "autocfg"
version = "1.3.0"
source = "registry+https://github.com/rust-lang/crates.io-index"
checksum = "0c4b4d0bd25bd0b74681c0ad21497610ce1b7c91b1022cd21c80c6fbdd9476b0"

[[package]]
name = "base64"
version = "0.22.1"
source = "registry+https://github.com/rust-lang/crates.io-index"
checksum = "72b3254f16251a8381aa12e40e3c4d2f0199f8c6508fbecb9d91f575e0fbb8c6"

[[package]]
name = "bitflags"
version = "1.3.2"
source = "registry+https://github.com/rust-lang/crates.io-index"
checksum = "bef38d45163c2f1dde094a7dfd33ccf595c92905c8f8f4fdc18d06fb1037718a"

[[package]]
name = "bitflags"
version = "2.10.0"
source = "registry+https://github.com/rust-lang/crates.io-index"
checksum = "812e12b5285cc515a9c72a5c1d3b6d46a19dac5acfef5265968c166106e31dd3"

[[package]]
name = "block"
version = "0.1.6"
source = "registry+https://github.com/rust-lang/crates.io-index"
checksum = "0d8c1fef690941d3e7788d328517591fecc684c084084702d6ff1641e993699a"

[[package]]
name = "bumpalo"
version = "3.16.0"
source = "registry+https://github.com/rust-lang/crates.io-index"
checksum = "79296716171880943b8470b5f8d03aa55eb2e645a4874bdbb28adb49162e012c"

[[package]]
name = "bytemuck"
version = "1.24.0"
source = "registry+https://github.com/rust-lang/crates.io-index"
checksum = "1fbdf580320f38b612e485521afda1ee26d10cc9884efaaa750d383e13e3c5f4"
dependencies = [
 "bytemuck_derive",
]

[[package]]
name = "bytemuck_derive"
version = "1.10.2"
source = "registry+https://github.com/rust-lang/crates.io-index"
checksum = "f9abbd1bc6865053c427f7198e6af43bfdedc55ab791faed4fbd361d789575ff"
dependencies = [
 "proc-macro2",
 "quote",
 "syn",
]

[[package]]
name = "byteorder-lite"
version = "0.1.0"
source = "registry+https://github.com/rust-lang/crates.io-index"
checksum = "8f1fe948ff07f4bd06c30984e69f5b4899c516a3ef74f34df92a2df2ab535495"

[[package]]
name = "calloop"
version = "0.12.4"
source = "registry+https://github.com/rust-lang/crates.io-index"
checksum = "fba7adb4dd5aa98e5553510223000e7148f621165ec5f9acd7113f6ca4995298"
dependencies = [
 "bitflags 2.10.0",
 "log",
 "polling",
 "rustix",
 "slab",
 "thiserror",
]

[[package]]
name = "calloop-wayland-source"
version = "0.2.0"
source = "registry+https://github.com/rust-lang/crates.io-index"
checksum = "0f0ea9b9476c7fad82841a8dbb380e2eae480c21910feba80725b46931ed8f02"
dependencies = [
 "calloop",
 "rustix",
 "wayland-backend",
 "wayland-client",
]

[[package]]
name = "cc"
version = "1.0.105"
source = "registry+https://github.com/rust-lang/crates.io-index"
checksum = "5208975e568d83b6b05cc0a063c8e7e9acc2b43bee6da15616a5b73e109d7437"

[[package]]
name = "cfg-if"
version = "1.0.0"
source = "registry+https://github.com/rust-lang/crates.io-index"
checksum = "baf1de4339761588bc0619e3cbc0120ee582ebb74b53b4efbf79117bd2da40fd"

[[package]]
name = "clipboard-win"
version = "3.1.1"
source = "registry+https://github.com/rust-lang/crates.io-index"
checksum = "9fdf5e01086b6be750428ba4a40619f847eb2e95756eee84b18e06e5f0b50342"
dependencies = [
 "lazy-bytes-cast",
 "winapi",
]

[[package]]
name = "color-hex"
version = "0.2.0"
source = "registry+https://github.com/rust-lang/crates.io-index"
checksum = "ecdffb913a326b6c642290a0d0ec8e8d6597291acdc07cc4c9cb4b3635d44cf9"

[[package]]
name = "concurrent-queue"
version = "2.5.0"
source = "registry+https://github.com/rust-lang/crates.io-index"
checksum = "4ca0197aee26d1ae37445ee532fefce43251d24cc7c166799f4d46817f1d3973"
dependencies = [
 "crossbeam-utils",
]

[[package]]
name = "copypasta"
version = "0.10.1"
source = "registry+https://github.com/rust-lang/crates.io-index"
checksum = "deb85422867ca93da58b7f95fb5c0c10f6183ed6e1ef8841568968a896d3a858"
dependencies = [
 "clipboard-win",
 "objc",
 "objc-foundation",
 "objc_id",
 "smithay-clipboard",
 "x11-clipboard",
]

[[package]]
name = "crc32fast"
version = "1.5.0"
source = "registry+https://github.com/rust-lang/crates.io-index"
checksum = "9481c1c90cbf2ac953f07c8d4a58aa3945c425b7185c9154d67a65e4230da511"
dependencies = [
 "cfg-if",
]

[[package]]
name = "crossbeam-utils"
version = "0.8.20"
source = "registry+https://github.com/rust-lang/crates.io-index"
checksum = "22ec99545bb0ed0ea7bb9b8e1e9122ea386ff8a48c0922e43f36d45ab09e0e80"

[[package]]
name = "cursor-icon"
version = "1.1.0"
source = "registry+https://github.com/rust-lang/crates.io-index"
checksum = "96a6ac251f4a2aca6b3f91340350eab87ae57c3f127ffeb585e92bd336717991"

[[package]]
name = "data-url"
version = "0.3.2"
source = "registry+https://github.com/rust-lang/crates.io-index"
checksum = "be1e0bca6c3637f992fc1cc7cbc52a78c1ef6db076dbf1059c4323d6a2048376"

[[package]]
name = "dlib"
version = "0.5.2"
source = "registry+https://github.com/rust-lang/crates.io-index"
checksum = "330c60081dcc4c72131f8eb70510f1ac07223e5d4163db481a04a0befcffa412"
dependencies = [
 "libloading",
]

[[package]]
name = "downcast-rs"
version = "1.2.1"
source = "registry+https://github.com/rust-lang/crates.io-index"
checksum = "75b325c5dbd37f80359721ad39aca5a29fb04c89279657cffdda8736d0c0b9d2"

[[package]]
name = "ecolor"
version = "0.33.3"
source = "registry+https://github.com/rust-lang/crates.io-index"
checksum = "71ddb8ac7643d1dba1bb02110e804406dd459a838efcb14011ced10556711a8e"
dependencies = [
 "bytemuck",
 "color-hex",
 "emath",
]

[[package]]
name = "egui"
version = "0.33.3"
source = "registry+https://github.com/rust-lang/crates.io-index"
checksum = "6a9b567d356674e9a5121ed3fedfb0a7c31e059fe71f6972b691bcd0bfc284e3"
dependencies = [
 "ahash",
 "bitflags 2.10.0",
 "emath",
 "epaint",
 "log",
 "nohash-hasher",
 "profiling",
 "smallvec",
 "unicode-segmentation",
]

[[package]]
name = "egui-miniquad"
version = "0.16.0"
dependencies = [
 "bytemuck",
 "copypasta",
 "egui",
 "egui_demo_lib",
 "getrandom",
 "glam",
 "log",
 "miniquad",
 "quad-rand",
 "quad-url",
 "tracing-subscriber",
]

[[package]]
name = "egui_demo_lib"
version = "0.33.3"
source = "registry+https://github.com/rust-lang/crates.io-index"
checksum = "ea461aeb68aa53bbb710da961299fa1fb92651bd0149f9612cf14cf7b4dfdebb"
dependencies = [
 "egui",
 "egui_extras",
 "unicode_names2",
]

[[package]]
name = "egui_extras"
version = "0.33.3"
source = "registry+https://github.com/rust-lang/crates.io-index"
checksum = "d01d34e845f01c62e3fded726961092e70417d66570c499b9817ab24674ca4ed"
dependencies = [
 "ahash",
 "egui",
 "enum-map",
 "image",
 "log",
 "profiling",
 "resvg",
]

[[package]]
name = "emath"
version = "0.33.3"
source = "registry+https://github.com/rust-lang/crates.io-index"
checksum = "491bdf728bf25ddd9ad60d4cf1c48588fa82c013a2440b91aa7fc43e34a07c32"
dependencies = [
 "bytemuck",
]

[[package]]
name = "enum-map"
version = "2.7.3"
source = "registry+https://github.com/rust-lang/crates.io-index"
checksum = "6866f3bfdf8207509a033af1a75a7b08abda06bbaaeae6669323fd5a097df2e9"
dependencies = [
 "enum-map-derive",
]

[[package]]
name = "enum-map-derive"
version = "0.17.0"
source = "registry+https://github.com/rust-lang/crates.io-index"
checksum = "f282cfdfe92516eb26c2af8589c274c7c17681f5ecc03c18255fe741c6aa64eb"
dependencies = [
 "proc-macro2",
 "quote",
 "syn",
]

[[package]]
name = "epaint"
version = "0.33.3"
source = "registry+https://github.com/rust-lang/crates.io-index"
checksum = "009d0dd3c2163823a0abdb899451ecbc78798dec545ee91b43aff1fa790bab62"
dependencies = [
 "ab_glyph",
 "ahash",
 "bytemuck",
 "ecolor",
 "emath",
 "epaint_default_fonts",
 "log",
 "nohash-hasher",
 "parking_lot",
 "profiling",
]

[[package]]
name = "epaint_default_fonts"
version = "0.33.3"
source = "registry+https://github.com/rust-lang/crates.io-index"
checksum = "5c4fbe202b6578d3d56428fa185cdf114a05e49da05f477b3c7f0fbb221f1862"

[[package]]
name = "errno"
version = "0.3.9"
source = "registry+https://github.com/rust-lang/crates.io-index"
checksum = "534c5cf6194dfab3db3242765c03bbe257cf92f22b38f6bc0c58d59108a820ba"
dependencies = [
 "libc",
 "windows-sys",
]

[[package]]
name = "euclid"
version = "0.22.11"
source = "registry+https://github.com/rust-lang/crates.io-index"
checksum = "ad9cdb4b747e485a12abb0e6566612956c7a1bafa3bdb8d682c5b6d403589e48"
dependencies = [
 "num-traits",
]

[[package]]
name = "fdeflate"
version = "0.3.7"
source = "registry+https://github.com/rust-lang/crates.io-index"
checksum = "1e6853b52649d4ac5c0bd02320cddc5ba956bdb407c4b75a2c6b75bf51500f8c"
dependencies = [
 "simd-adler32",
]

[[package]]
name = "flate2"
version = "1.1.5"
source = "registry+https://github.com/rust-lang/crates.io-index"
checksum = "bfe33edd8e85a12a67454e37f8c75e730830d83e313556ab9ebf9ee7fbeb3bfb"
dependencies = [
 "crc32fast",
 "miniz_oxide",
]

[[package]]
name = "float-cmp"
version = "0.9.0"
source = "registry+https://github.com/rust-lang/crates.io-index"
checksum = "98de4bbd547a563b716d8dfa9aad1cb19bfab00f4fa09a6a4ed21dbcf44ce9c4"

[[package]]
name = "gethostname"
version = "0.4.3"
source = "registry+https://github.com/rust-lang/crates.io-index"
checksum = "0176e0459c2e4a1fe232f984bca6890e681076abb9934f6cea7c326f3fc47818"
dependencies = [
 "libc",
 "windows-targets 0.48.5",
]

[[package]]
name = "getrandom"
version = "0.2.15"
source = "registry+https://github.com/rust-lang/crates.io-index"
checksum = "c4567c8db10ae91089c99af84c68c38da3ec2f087c3f82960bcdbf3656b6f4d7"
dependencies = [
 "cfg-if",
 "libc",
 "wasi",
]

[[package]]
name = "glam"
version = "0.30.3"
source = "registry+https://github.com/rust-lang/crates.io-index"
checksum = "6b46b9ca4690308844c644e7c634d68792467260e051c8543e0c7871662b3ba7"

[[package]]
name = "hermit-abi"
version = "0.4.0"
source = "registry+https://github.com/rust-lang/crates.io-index"
checksum = "fbf6a919d6cf397374f7dfeeea91d974c7c0a7221d0d0f4f20d859d329e53fcc"

[[package]]
name = "image"
version = "0.25.9"
source = "registry+https://github.com/rust-lang/crates.io-index"
checksum = "e6506c6c10786659413faa717ceebcb8f70731c0a60cbae39795fdf114519c1a"
dependencies = [
 "bytemuck",
 "byteorder-lite",
 "moxcms",
 "num-traits",
]

[[package]]
name = "imagesize"
version = "0.13.0"
source = "registry+https://github.com/rust-lang/crates.io-index"
checksum = "edcd27d72f2f071c64249075f42e205ff93c9a4c5f6c6da53e79ed9f9832c285"

[[package]]
name = "js-sys"
version = "0.3.69"
source = "registry+https://github.com/rust-lang/crates.io-index"
checksum = "29c15563dc2726973df627357ce0c9ddddbea194836909d655df6a75d2cf296d"
dependencies = [
 "wasm-bindgen",
]

[[package]]
name = "kurbo"
version = "0.11.3"
source = "registry+https://github.com/rust-lang/crates.io-index"
checksum = "c62026ae44756f8a599ba21140f350303d4f08dcdcc71b5ad9c9bb8128c13c62"
dependencies = [
 "arrayvec",
 "euclid",
 "smallvec",
]

[[package]]
name = "lazy-bytes-cast"
version = "5.0.1"
source = "registry+https://github.com/rust-lang/crates.io-index"
checksum = "10257499f089cd156ad82d0a9cd57d9501fa2c989068992a97eb3c27836f206b"

[[package]]
name = "lazy_static"
version = "1.5.0"
source = "registry+https://github.com/rust-lang/crates.io-index"
checksum = "bbd2bcb4c963f2ddae06a2efc7e9f3591312473c50c6685e1f298068316e66fe"

[[package]]
name = "libc"
version = "0.2.155"
source = "registry+https://github.com/rust-lang/crates.io-index"
checksum = "97b3888a4aecf77e811145cadf6eef5901f4782c53886191b2f693f24761847c"

[[package]]
name = "libloading"
version = "0.8.4"
source = "registry+https://github.com/rust-lang/crates.io-index"
checksum = "e310b3a6b5907f99202fcdb4960ff45b93735d7c7d96b760fcff8db2dc0e103d"
dependencies = [
 "cfg-if",
 "windows-targets 0.52.6",
]

[[package]]
name = "linux-raw-sys"
version = "0.4.14"
source = "registry+https://github.com/rust-lang/crates.io-index"
checksum = "78b3ae25bc7c8c38cec158d1f2757ee79e9b3740fbc7ccf0e59e4b08d793fa89"

[[package]]
name = "lock_api"
version = "0.4.14"
source = "registry+https://github.com/rust-lang/crates.io-index"
checksum = "224399e74b87b5f3557511d98dff8b14089b3dadafcab6bb93eab67d3aace965"
dependencies = [
 "scopeguard",
]

[[package]]
name = "log"
version = "0.4.29"
source = "registry+https://github.com/rust-lang/crates.io-index"
checksum = "5e5032e24019045c762d3c0f28f5b6b8bbf38563a65908389bf7978758920897"

[[package]]
name = "malloc_buf"
version = "0.0.6"
source = "registry+https://github.com/rust-lang/crates.io-index"
checksum = "62bb907fe88d54d8d9ce32a3cceab4218ed2f6b7d35617cafe9adf84e43919cb"
dependencies = [
 "libc",
]

[[package]]
name = "memchr"
version = "2.7.4"
source = "registry+https://github.com/rust-lang/crates.io-index"
checksum = "78ca9ab1a0babb1e7d5695e3530886289c18cf2f87ec19a575a0abdce112e3a3"

[[package]]
name = "memmap2"
version = "0.9.4"
source = "registry+https://github.com/rust-lang/crates.io-index"
checksum = "fe751422e4a8caa417e13c3ea66452215d7d63e19e604f4980461212f3ae1322"
dependencies = [
 "libc",
]

[[package]]
name = "miniquad"
version = "0.4.8"
source = "registry+https://github.com/rust-lang/crates.io-index"
checksum = "2fb3e758e46dbc45716a8a49ca9edc54b15bcca826277e80b1f690708f67f9e3"
dependencies = [
 "libc",
 "ndk-sys",
 "objc-rs",
 "winapi",
]

[[package]]
name = "miniz_oxide"
version = "0.8.9"
source = "registry+https://github.com/rust-lang/crates.io-index"
checksum = "1fa76a2c86f704bdb222d66965fb3d63269ce38518b83cb0575fca855ebb6316"
dependencies = [
 "adler2",
 "simd-adler32",
]

[[package]]
name = "moxcms"
version = "0.7.11"
source = "registry+https://github.com/rust-lang/crates.io-index"
checksum = "ac9557c559cd6fc9867e122e20d2cbefc9ca29d80d027a8e39310920ed2f0a97"
dependencies = [
 "num-traits",
 "pxfm",
]

[[package]]
name = "ndk-sys"
version = "0.2.2"
source = "registry+https://github.com/rust-lang/crates.io-index"
checksum = "e1bcdd74c20ad5d95aacd60ef9ba40fdf77f767051040541df557b7a9b2a2121"

[[package]]
name = "nohash-hasher"
version = "0.2.0"
source = "registry+https://github.com/rust-lang/crates.io-index"
checksum = "2bf50223579dc7cdcfb3bfcacf7069ff68243f8c363f62ffa99cf000a6b9c451"

[[package]]
name = "nu-ansi-term"
version = "0.46.0"
source = "registry+https://github.com/rust-lang/crates.io-index"
checksum = "77a8165726e8236064dbb45459242600304b42a5ea24ee2948e18e023bf7ba84"
dependencies = [
 "overload",
 "winapi",
]

[[package]]
name = "num-traits"
version = "0.2.19"
source = "registry+https://github.com/rust-lang/crates.io-index"
checksum = "071dfc062690e90b734c0b2273ce72ad0ffa95f0c74596bc250dcfd960262841"
dependencies = [
 "autocfg",
]

[[package]]
name = "objc"
version = "0.2.7"
source = "registry+https://github.com/rust-lang/crates.io-index"
checksum = "915b1b472bc21c53464d6c8461c9d3af805ba1ef837e1cac254428f4a77177b1"
dependencies = [
 "malloc_buf",
]

[[package]]
name = "objc-foundation"
version = "0.1.1"
source = "registry+https://github.com/rust-lang/crates.io-index"
checksum = "1add1b659e36c9607c7aab864a76c7a4c2760cd0cd2e120f3fb8b952c7e22bf9"
dependencies = [
 "block",
 "objc",
 "objc_id",
]

[[package]]
name = "objc-rs"
version = "0.2.8"
source = "registry+https://github.com/rust-lang/crates.io-index"
checksum = "64a1e7069a2525126bf12a9f1f7916835fafade384fb27cabf698e745e2a1eb8"
dependencies = [
 "malloc_buf",
]

[[package]]
name = "objc_id"
version = "0.1.1"
source = "registry+https://github.com/rust-lang/crates.io-index"
checksum = "c92d4ddb4bd7b50d730c215ff871754d0da6b2178849f8a2a2ab69712d0c073b"
dependencies = [
 "objc",
]

[[package]]
name = "once_cell"
version = "1.19.0"
source = "registry+https://github.com/rust-lang/crates.io-index"
checksum = "3fdb12b2476b595f9358c5161aa467c2438859caa136dec86c26fdd2efe17b92"

[[package]]
name = "overload"
version = "0.1.1"
source = "registry+https://github.com/rust-lang/crates.io-index"
checksum = "b15813163c1d831bf4a13c3610c05c0d03b39feb07f7e09fa234dac9b15aaf39"

[[package]]
name = "owned_ttf_parser"
version = "0.25.1"
source = "registry+https://github.com/rust-lang/crates.io-index"
checksum = "36820e9051aca1014ddc75770aab4d68bc1e9e632f0f5627c4086bc216fb583b"
dependencies = [
 "ttf-parser",
]

[[package]]
name = "parking_lot"
version = "0.12.5"
source = "registry+https://github.com/rust-lang/crates.io-index"
checksum = "93857453250e3077bd71ff98b6a65ea6621a19bb0f559a85248955ac12c45a1a"
dependencies = [
 "lock_api",
 "parking_lot_core",
]

[[package]]
name = "parking_lot_core"
version = "0.9.12"
source = "registry+https://github.com/rust-lang/crates.io-index"
checksum = "2621685985a2ebf1c516881c026032ac7deafcda1a2c9b7850dc81e3dfcb64c1"
dependencies = [
 "cfg-if",
 "libc",
 "redox_syscall",
 "smallvec",
 "windows-link",
]

[[package]]
name = "phf"
version = "0.11.3"
source = "registry+https://github.com/rust-lang/crates.io-index"
checksum = "1fd6780a80ae0c52cc120a26a1a42c1ae51b247a253e4e06113d23d2c2edd078"
dependencies = [
 "phf_shared",
]

[[package]]
name = "phf_codegen"
version = "0.11.3"
source = "registry+https://github.com/rust-lang/crates.io-index"
checksum = "aef8048c789fa5e851558d709946d6d79a8ff88c0440c587967f8e94bfb1216a"
dependencies = [
 "phf_generator",
 "phf_shared",
]

[[package]]
name = "phf_generator"
version = "0.11.3"
source = "registry+https://github.com/rust-lang/crates.io-index"
checksum = "3c80231409c20246a13fddb31776fb942c38553c51e871f8cbd687a4cfb5843d"
dependencies = [
 "phf_shared",
 "rand",
]

[[package]]
name = "phf_shared"
version = "0.11.3"
source = "registry+https://github.com/rust-lang/crates.io-index"
checksum = "67eabc2ef2a60eb7faa00097bd1ffdb5bd28e62bf39990626a582201b7a754e5"
dependencies = [
 "siphasher",
]

[[package]]
name = "pico-args"
version = "0.5.0"
source = "registry+https://github.com/rust-lang/crates.io-index"
checksum = "5be167a7af36ee22fe3115051bc51f6e6c7054c9348e28deb4f49bd6f705a315"

[[package]]
name = "pin-project-lite"
version = "0.2.14"
source = "registry+https://github.com/rust-lang/crates.io-index"
checksum = "bda66fc9667c18cb2758a2ac84d1167245054bcf85d5d1aaa6923f45801bdd02"

[[package]]
name = "pkg-config"
version = "0.3.30"
source = "registry+https://github.com/rust-lang/crates.io-index"
checksum = "d231b230927b5e4ad203db57bbcbee2802f6bce620b1e4a9024a07d94e2907ec"

[[package]]
name = "png"
version = "0.17.16"
source = "registry+https://github.com/rust-lang/crates.io-index"
checksum = "82151a2fc869e011c153adc57cf2789ccb8d9906ce52c0b39a6b5697749d7526"
dependencies = [
 "bitflags 1.3.2",
 "crc32fast",
 "fdeflate",
 "flate2",
 "miniz_oxide",
]

[[package]]
name = "polling"
version = "3.7.2"
source = "registry+https://github.com/rust-lang/crates.io-index"
checksum = "a3ed00ed3fbf728b5816498ecd316d1716eecaced9c0c8d2c5a6740ca214985b"
dependencies = [
 "cfg-if",
 "concurrent-queue",
 "hermit-abi",
 "pin-project-lite",
 "rustix",
 "tracing",
 "windows-sys",
]

[[package]]
name = "ppv-lite86"
version = "0.2.21"
source = "registry+https://github.com/rust-lang/crates.io-index"
checksum = "85eae3c4ed2f50dcfe72643da4befc30deadb458a9b590d720cde2f2b1e97da9"
dependencies = [
 "zerocopy",
]

[[package]]
name = "proc-macro2"
version = "1.0.86"
source = "registry+https://github.com/rust-lang/crates.io-index"
checksum = "5e719e8df665df0d1c8fbfd238015744736151d4445ec0836b8e628aae103b77"
dependencies = [
 "unicode-ident",
]

[[package]]
name = "profiling"
version = "1.0.17"
source = "registry+https://github.com/rust-lang/crates.io-index"
checksum = "3eb8486b569e12e2c32ad3e204dbaba5e4b5b216e9367044f25f1dba42341773"

[[package]]
name = "pxfm"
version = "0.1.27"
source = "registry+https://github.com/rust-lang/crates.io-index"
checksum = "7186d3822593aa4393561d186d1393b3923e9d6163d3fbfd6e825e3e6cf3e6a8"
dependencies = [
 "num-traits",
]

[[package]]
name = "quad-rand"
version = "0.2.3"
source = "registry+https://github.com/rust-lang/crates.io-index"
checksum = "5a651516ddc9168ebd67b24afd085a718be02f8858fe406591b013d101ce2f40"

[[package]]
name = "quad-url"
version = "0.1.1"
source = "registry+https://github.com/rust-lang/crates.io-index"
checksum = "e674b7e6218e9d5d01ca431e2088b647cd75cdf483f8201533dcb1fecfa25f03"
dependencies = [
 "sapp-jsutils",
 "webbrowser",
]

[[package]]
name = "quick-xml"
version = "0.34.0"
source = "registry+https://github.com/rust-lang/crates.io-index"
checksum = "6f24d770aeca0eacb81ac29dfbc55ebcc09312fdd1f8bbecdc7e4a84e000e3b4"
dependencies = [
 "memchr",
]

[[package]]
name = "quote"
version = "1.0.42"
source = "registry+https://github.com/rust-lang/crates.io-index"
checksum = "a338cc41d27e6cc6dce6cefc13a0729dfbb81c262b1f519331575dd80ef3067f"
dependencies = [
 "proc-macro2",
]

[[package]]
name = "rand"
version = "0.8.5"
source = "registry+https://github.com/rust-lang/crates.io-index"
checksum = "34af8d1a0e25924bc5b7c43c079c942339d8f0a8b57c39049bef581b46327404"
dependencies = [
 "libc",
 "rand_chacha",
 "rand_core",
]

[[package]]
name = "rand_chacha"
version = "0.3.1"
source = "registry+https://github.com/rust-lang/crates.io-index"
checksum = "e6c10a63a0fa32252be49d21e7709d4d4baf8d231c2dbce1eaa8141b9b127d88"
dependencies = [
 "ppv-lite86",
 "rand_core",
]

[[package]]
name = "rand_core"
version = "0.6.4"
source = "registry+https://github.com/rust-lang/crates.io-index"
checksum = "ec0be4795e2f6a28069bec0b5ff3e2ac9bafc99e6a9a7dc3547996c5c816922c"
dependencies = [
 "getrandom",
]

[[package]]
name = "redox_syscall"
version = "0.5.2"
source = "registry+https://github.com/rust-lang/crates.io-index"
checksum = "c82cf8cff14456045f55ec4241383baeff27af886adb72ffb2162f99911de0fd"
dependencies = [
 "bitflags 2.10.0",
]

[[package]]
name = "resvg"
version = "0.45.1"
source = "registry+https://github.com/rust-lang/crates.io-index"
checksum = "a8928798c0a55e03c9ca6c4c6846f76377427d2c1e1f7e6de3c06ae57942df43"
dependencies = [
 "log",
 "pico-args",
 "rgb",
 "svgtypes",
 "tiny-skia",
 "usvg",
]

[[package]]
name = "rgb"
version = "0.8.52"
source = "registry+https://github.com/rust-lang/crates.io-index"
checksum = "0c6a884d2998352bb4daf0183589aec883f16a6da1f4dde84d8e2e9a5409a1ce"
dependencies = [
 "bytemuck",
]

[[package]]
name = "roxmltree"
version = "0.20.0"
source = "registry+https://github.com/rust-lang/crates.io-index"
checksum = "6c20b6793b5c2fa6553b250154b78d6d0db37e72700ae35fad9387a46f487c97"

[[package]]
name = "rustix"
version = "0.38.34"
source = "registry+https://github.com/rust-lang/crates.io-index"
checksum = "70dc5ec042f7a43c4a73241207cecc9873a06d45debb38b329f8541d85c2730f"
dependencies = [
 "bitflags 2.10.0",
 "errno",
 "libc",
 "linux-raw-sys",
 "windows-sys",
]

[[package]]
name = "sapp-jsutils"
version = "0.1.5"
source = "registry+https://github.com/rust-lang/crates.io-index"
checksum = "bb8ababa867431fa6c0a178248bfe7e77b5d1de357c9848883ba8e3946bb21d4"

[[package]]
name = "scoped-tls"
version = "1.0.1"
source = "registry+https://github.com/rust-lang/crates.io-index"
checksum = "e1cf6437eb19a8f4a6cc0f7dca544973b0b78843adbfeb3683d1a94a0024a294"

[[package]]
name = "scopeguard"
version = "1.2.0"
source = "registry+https://github.com/rust-lang/crates.io-index"
checksum = "94143f37725109f92c262ed2cf5e59bce7498c01bcc1502d7b9afe439a4e9f49"

[[package]]
name = "sharded-slab"
version = "0.1.7"
source = "registry+https://github.com/rust-lang/crates.io-index"
checksum = "f40ca3c46823713e0d4209592e8d6e826aa57e928f09752619fc696c499637f6"
dependencies = [
 "lazy_static",
]

[[package]]
name = "simd-adler32"
version = "0.3.8"
source = "registry+https://github.com/rust-lang/crates.io-index"
checksum = "e320a6c5ad31d271ad523dcf3ad13e2767ad8b1cb8f047f75a8aeaf8da139da2"

[[package]]
name = "simplecss"
version = "0.2.2"
source = "registry+https://github.com/rust-lang/crates.io-index"
checksum = "7a9c6883ca9c3c7c90e888de77b7a5c849c779d25d74a1269b0218b14e8b136c"
dependencies = [
 "log",
]

[[package]]
name = "siphasher"
version = "1.0.1"
source = "registry+https://github.com/rust-lang/crates.io-index"
checksum = "56199f7ddabf13fe5074ce809e7d3f42b42ae711800501b5b16ea82ad029c39d"

[[package]]
name = "slab"
version = "0.4.9"
source = "registry+https://github.com/rust-lang/crates.io-index"
checksum = "8f92a496fb766b417c996b9c5e57daf2f7ad3b0bebe1ccfca4856390e3d3bb67"
dependencies = [
 "autocfg",
]

[[package]]
name = "smallvec"
version = "1.15.1"
source = "registry+https://github.com/rust-lang/crates.io-index"
checksum = "67b1b7a3b5fe4f1376887184045fcf45c69e92af734b7aaddc05fb777b6fbd03"

[[package]]
name = "smithay-client-toolkit"
version = "0.18.1"
source = "registry+https://github.com/rust-lang/crates.io-index"
checksum = "922fd3eeab3bd820d76537ce8f582b1cf951eceb5475c28500c7457d9d17f53a"
dependencies = [
 "bitflags 2.10.0",
 "calloop",
 "calloop-wayland-source",
 "cursor-icon",
 "libc",
 "log",
 "memmap2",
 "rustix",
 "thiserror",
 "wayland-backend",
 "wayland-client",
 "wayland-csd-frame",
 "wayland-cursor",
 "wayland-protocols",
 "wayland-protocols-wlr",
 "wayland-scanner",
 "xkeysym",
]

[[package]]
name = "smithay-clipboard"
version = "0.7.1"
source = "registry+https://github.com/rust-lang/crates.io-index"
checksum = "c091e7354ea8059d6ad99eace06dd13ddeedbb0ac72d40a9a6e7ff790525882d"
dependencies = [
 "libc",
 "smithay-client-toolkit",
 "wayland-backend",
]

[[package]]
name = "strict-num"
version = "0.1.1"
source = "registry+https://github.com/rust-lang/crates.io-index"
checksum = "6637bab7722d379c8b41ba849228d680cc12d0a45ba1fa2b48f2a30577a06731"
dependencies = [
 "float-cmp",
]

[[package]]
name = "svgtypes"
version = "0.15.3"
source = "registry+https://github.com/rust-lang/crates.io-index"
checksum = "68c7541fff44b35860c1a7a47a7cadf3e4a304c457b58f9870d9706ece028afc"
dependencies = [
 "kurbo",
 "siphasher",
]

[[package]]
name = "syn"
version = "2.0.69"
source = "registry+https://github.com/rust-lang/crates.io-index"
checksum = "201fcda3845c23e8212cd466bfebf0bd20694490fc0356ae8e428e0824a915a6"
dependencies = [
 "proc-macro2",
 "quote",
 "unicode-ident",
]

[[package]]
name = "thiserror"
version = "1.0.61"
source = "registry+https://github.com/rust-lang/crates.io-index"
checksum = "c546c80d6be4bc6a00c0f01730c08df82eaa7a7a61f11d656526506112cc1709"
dependencies = [
 "thiserror-impl",
]

[[package]]
name = "thiserror-impl"
version = "1.0.61"
source = "registry+https://github.com/rust-lang/crates.io-index"
checksum = "46c3384250002a6d5af4d114f2845d37b57521033f30d5c3f46c4d70e1197533"
dependencies = [
 "proc-macro2",
 "quote",
 "syn",
]

[[package]]
name = "thread_local"
version = "1.1.8"
source = "registry+https://github.com/rust-lang/crates.io-index"
checksum = "8b9ef9bad013ada3808854ceac7b46812a6465ba368859a37e2100283d2d719c"
dependencies = [
 "cfg-if",
 "once_cell",
]

[[package]]
name = "tiny-skia"
version = "0.11.4"
source = "registry+https://github.com/rust-lang/crates.io-index"
checksum = "83d13394d44dae3207b52a326c0c85a8bf87f1541f23b0d143811088497b09ab"
dependencies = [
 "arrayref",
 "arrayvec",
 "bytemuck",
 "cfg-if",
 "log",
 "png",
 "tiny-skia-path",
]

[[package]]
name = "tiny-skia-path"
version = "0.11.4"
source = "registry+https://github.com/rust-lang/crates.io-index"
checksum = "9c9e7fc0c2e86a30b117d0462aa261b72b7a99b7ebd7deb3a14ceda95c5bdc93"
dependencies = [
 "arrayref",
 "bytemuck",
 "strict-num",
]

[[package]]
name = "tracing"
version = "0.1.40"
source = "registry+https://github.com/rust-lang/crates.io-index"
checksum = "c3523ab5a71916ccf420eebdf5521fcef02141234bbc0b8a49f2fdc4544364ef"
dependencies = [
 "pin-project-lite",
 "tracing-core",
]

[[package]]
name = "tracing-core"
version = "0.1.32"
source = "registry+https://github.com/rust-lang/crates.io-index"
checksum = "c06d3da6113f116aaee68e4d601191614c9053067f9ab7f6edbcb161237daa54"
dependencies = [
 "once_cell",
 "valuable",
]

[[package]]
name = "tracing-log"
version = "0.2.0"
source = "registry+https://github.com/rust-lang/crates.io-index"
checksum = "ee855f1f400bd0e5c02d150ae5de3840039a3f54b025156404e34c23c03f47c3"
dependencies = [
 "log",
 "once_cell",
 "tracing-core",
]

[[package]]
name = "tracing-subscriber"
version = "0.3.18"
source = "registry+https://github.com/rust-lang/crates.io-index"
checksum = "ad0f048c97dbd9faa9b7df56362b8ebcaa52adb06b498c050d2f4e32f90a7a8b"
dependencies = [
 "nu-ansi-term",
 "sharded-slab",
 "smallvec",
 "thread_local",
 "tracing-core",
 "tracing-log",
]

[[package]]
name = "ttf-parser"
version = "0.25.1"
source = "registry+https://github.com/rust-lang/crates.io-index"
checksum = "d2df906b07856748fa3f6e0ad0cbaa047052d4a7dd609e231c4f72cee8c36f31"

[[package]]
name = "unicode-ident"
version = "1.0.12"
source = "registry+https://github.com/rust-lang/crates.io-index"
checksum = "3354b9ac3fae1ff6755cb6db53683adb661634f67557942dea4facebec0fee4b"

[[package]]
name = "unicode-segmentation"
version = "1.12.0"
source = "registry+https://github.com/rust-lang/crates.io-index"
checksum = "f6ccf251212114b54433ec949fd6a7841275f9ada20dddd2f29e9ceea4501493"

[[package]]
name = "unicode_names2"
version = "2.0.0"
source = "registry+https://github.com/rust-lang/crates.io-index"
checksum = "d189085656ca1203291e965444e7f6a2723fbdd1dd9f34f8482e79bafd8338a0"
dependencies = [
 "phf",
 "unicode_names2_generator",
]

[[package]]
name = "unicode_names2_generator"
version = "2.0.0"
source = "registry+https://github.com/rust-lang/crates.io-index"
checksum = "1262662dc96937c71115228ce2e1d30f41db71a7a45d3459e98783ef94052214"
dependencies = [
 "phf_codegen",
 "rand",
]

[[package]]
name = "usvg"
version = "0.45.1"
source = "registry+https://github.com/rust-lang/crates.io-index"
checksum = "80be9b06fbae3b8b303400ab20778c80bbaf338f563afe567cf3c9eea17b47ef"
dependencies = [
 "base64",
 "data-url",
 "flate2",
 "imagesize",
 "kurbo",
 "log",
 "pico-args",
 "roxmltree",
 "simplecss",
 "siphasher",
 "strict-num",
 "svgtypes",
 "tiny-skia-path",
 "xmlwriter",
]

[[package]]
name = "valuable"
version = "0.1.0"
source = "registry+https://github.com/rust-lang/crates.io-index"
checksum = "830b7e5d4d90034032940e4ace0d9a9a057e7a45cd94e6c007832e39edb82f6d"

[[package]]
name = "version_check"
version = "0.9.4"
source = "registry+https://github.com/rust-lang/crates.io-index"
checksum = "49874b5167b65d7193b8aba1567f5c7d93d001cafc34600cee003eda787e483f"

[[package]]
name = "wasi"
version = "0.11.0+wasi-snapshot-preview1"
source = "registry+https://github.com/rust-lang/crates.io-index"
checksum = "9c8d87e72b64a3b4db28d11ce29237c246188f4f51057d65a7eab63b7987e423"

[[package]]
name = "wasm-bindgen"
version = "0.2.92"
source = "registry+https://github.com/rust-lang/crates.io-index"
checksum = "4be2531df63900aeb2bca0daaaddec08491ee64ceecbee5076636a3b026795a8"
dependencies = [
 "cfg-if",
 "wasm-bindgen-macro",
]

[[package]]
name = "wasm-bindgen-backend"
version = "0.2.92"
source = "registry+https://github.com/rust-lang/crates.io-index"
checksum = "614d787b966d3989fa7bb98a654e369c762374fd3213d212cfc0251257e747da"
dependencies = [
 "bumpalo",
 "log",
 "once_cell",
 "proc-macro2",
 "quote",
 "syn",
 "wasm-bindgen-shared",
]

[[package]]
name = "wasm-bindgen-macro"
version = "0.2.92"
source = "registry+https://github.com/rust-lang/crates.io-index"
checksum = "a1f8823de937b71b9460c0c34e25f3da88250760bec0ebac694b49997550d726"
dependencies = [
 "quote",
 "wasm-bindgen-macro-support",
]

[[package]]
name = "wasm-bindgen-macro-support"
version = "0.2.92"
source = "registry+https://github.com/rust-lang/crates.io-index"
checksum = "e94f17b526d0a461a191c78ea52bbce64071ed5c04c9ffe424dcb38f74171bb7"
dependencies = [
 "proc-macro2",
 "quote",
 "syn",
 "wasm-bindgen-backend",
 "wasm-bindgen-shared",
]

[[package]]
name = "wasm-bindgen-shared"
version = "0.2.92"
source = "registry+https://github.com/rust-lang/crates.io-index"
checksum = "af190c94f2773fdb3729c55b007a722abb5384da03bc0986df4c289bf5567e96"

[[package]]
name = "wayland-backend"
version = "0.3.5"
source = "registry+https://github.com/rust-lang/crates.io-index"
checksum = "269c04f203640d0da2092d1b8d89a2d081714ae3ac2f1b53e99f205740517198"
dependencies = [
 "cc",
 "downcast-rs",
 "rustix",
 "scoped-tls",
 "smallvec",
 "wayland-sys",
]

[[package]]
name = "wayland-client"
version = "0.31.4"
source = "registry+https://github.com/rust-lang/crates.io-index"
checksum = "08bd0f46c069d3382a36c8666c1b9ccef32b8b04f41667ca1fef06a1adcc2982"
dependencies = [
 "bitflags 2.10.0",
 "rustix",
 "wayland-backend",
 "wayland-scanner",
]

[[package]]
name = "wayland-csd-frame"
version = "0.3.0"
source = "registry+https://github.com/rust-lang/crates.io-index"
checksum = "625c5029dbd43d25e6aa9615e88b829a5cad13b2819c4ae129fdbb7c31ab4c7e"
dependencies = [
 "bitflags 2.10.0",
 "cursor-icon",
 "wayland-backend",
]

[[package]]
name = "wayland-cursor"
version = "0.31.4"
source = "registry+https://github.com/rust-lang/crates.io-index"
checksum = "09414bcf0fd8d9577d73e9ac4659ebc45bcc9cff1980a350543ad8e50ee263b2"
dependencies = [
 "rustix",
 "wayland-client",
 "xcursor",
]

[[package]]
name = "wayland-protocols"
version = "0.31.2"
source = "registry+https://github.com/rust-lang/crates.io-index"
checksum = "8f81f365b8b4a97f422ac0e8737c438024b5951734506b0e1d775c73030561f4"
dependencies = [
 "bitflags 2.10.0",
 "wayland-backend",
 "wayland-client",
 "wayland-scanner",
]

[[package]]
name = "wayland-protocols-wlr"
version = "0.2.0"
source = "registry+https://github.com/rust-lang/crates.io-index"
checksum = "ad1f61b76b6c2d8742e10f9ba5c3737f6530b4c243132c2a2ccc8aa96fe25cd6"
dependencies = [
 "bitflags 2.10.0",
 "wayland-backend",
 "wayland-client",
 "wayland-protocols",
 "wayland-scanner",
]

[[package]]
name = "wayland-scanner"
version = "0.31.3"
source = "registry+https://github.com/rust-lang/crates.io-index"
checksum = "edf466fc49a4feb65a511ca403fec3601494d0dee85dbf37fff6fa0dd4eec3b6"
dependencies = [
 "proc-macro2",
 "quick-xml",
 "quote",
]

[[package]]
name = "wayland-sys"
version = "0.31.3"
source = "registry+https://github.com/rust-lang/crates.io-index"
checksum = "4a6754825230fa5b27bafaa28c30b3c9e72c55530581220cef401fa422c0fae7"
dependencies = [
 "dlib",
 "log",
 "once_cell",
 "pkg-config",
]

[[package]]
name = "web-sys"
version = "0.3.69"
source = "registry+https://github.com/rust-lang/crates.io-index"
checksum = "77afa9a11836342370f4817622a2f0f418b134426d91a82dfb48f532d2ec13ef"
dependencies = [
 "js-sys",
 "wasm-bindgen",
]

[[package]]
name = "webbrowser"
version = "0.5.5"
source = "registry+https://github.com/rust-lang/crates.io-index"
checksum = "ecad156490d6b620308ed411cfee90d280b3cbd13e189ea0d3fada8acc89158a"
dependencies = [
 "web-sys",
 "widestring",
 "winapi",
]

[[package]]
name = "widestring"
version = "0.4.3"
source = "registry+https://github.com/rust-lang/crates.io-index"
checksum = "c168940144dd21fd8046987c16a46a33d5fc84eec29ef9dcddc2ac9e31526b7c"

[[package]]
name = "winapi"
version = "0.3.9"
source = "registry+https://github.com/rust-lang/crates.io-index"
checksum = "5c839a674fcd7a98952e593242ea400abe93992746761e38641405d28b00f419"
dependencies = [
 "winapi-i686-pc-windows-gnu",
 "winapi-x86_64-pc-windows-gnu",
]

[[package]]
name = "winapi-i686-pc-windows-gnu"
version = "0.4.0"
source = "registry+https://github.com/rust-lang/crates.io-index"
checksum = "ac3b87c63620426dd9b991e5ce0329eff545bccbbb34f3be09ff6fb6ab51b7b6"

[[package]]
name = "winapi-x86_64-pc-windows-gnu"
version = "0.4.0"
source = "registry+https://github.com/rust-lang/crates.io-index"
checksum = "712e227841d057c1ee1cd2fb22fa7e5a5461ae8e48fa2ca79ec42cfc1931183f"

[[package]]
name = "windows-link"
version = "0.2.1"
source = "registry+https://github.com/rust-lang/crates.io-index"
checksum = "f0805222e57f7521d6a62e36fa9163bc891acd422f971defe97d64e70d0a4fe5"

[[package]]
name = "windows-sys"
version = "0.52.0"
source = "registry+https://github.com/rust-lang/crates.io-index"
checksum = "282be5f36a8ce781fad8c8ae18fa3f9beff57ec1b52cb3de0789201425d9a33d"
dependencies = [
 "windows-targets 0.52.6",
]

[[package]]
name = "windows-targets"
version = "0.48.5"
source = "registry+https://github.com/rust-lang/crates.io-index"
checksum = "9a2fa6e2155d7247be68c096456083145c183cbbbc2764150dda45a87197940c"
dependencies = [
 "windows_aarch64_gnullvm 0.48.5",
 "windows_aarch64_msvc 0.48.5",
 "windows_i686_gnu 0.48.5",
 "windows_i686_msvc 0.48.5",
 "windows_x86_64_gnu 0.48.5",
 "windows_x86_64_gnullvm 0.48.5",
 "windows_x86_64_msvc 0.48.5",
]

[[package]]
name = "windows-targets"
version = "0.52.6"
source = "registry+https://github.com/rust-lang/crates.io-index"
checksum = "9b724f72796e036ab90c1021d4780d4d3d648aca59e491e6b98e725b84e99973"
dependencies = [
 "windows_aarch64_gnullvm 0.52.6",
 "windows_aarch64_msvc 0.52.6",
 "windows_i686_gnu 0.52.6",
 "windows_i686_gnullvm",
 "windows_i686_msvc 0.52.6",
 "windows_x86_64_gnu 0.52.6",
 "windows_x86_64_gnullvm 0.52.6",
 "windows_x86_64_msvc 0.52.6",
]

[[package]]
name = "windows_aarch64_gnullvm"
version = "0.48.5"
source = "registry+https://github.com/rust-lang/crates.io-index"
checksum = "2b38e32f0abccf9987a4e3079dfb67dcd799fb61361e53e2882c3cbaf0d905d8"

[[package]]
name = "windows_aarch64_gnullvm"
version = "0.52.6"
source = "registry+https://github.com/rust-lang/crates.io-index"
checksum = "32a4622180e7a0ec044bb555404c800bc9fd9ec262ec147edd5989ccd0c02cd3"

[[package]]
name = "windows_aarch64_msvc"
version = "0.48.5"
source = "registry+https://github.com/rust-lang/crates.io-index"
checksum = "dc35310971f3b2dbbf3f0690a219f40e2d9afcf64f9ab7cc1be722937c26b4bc"

[[package]]
name = "windows_aarch64_msvc"
version = "0.52.6"
source = "registry+https://github.com/rust-lang/crates.io-index"
checksum = "09ec2a7bb152e2252b53fa7803150007879548bc709c039df7627cabbd05d469"

[[package]]
name = "windows_i686_gnu"
version = "0.48.5"
source = "registry+https://github.com/rust-lang/crates.io-index"
checksum = "a75915e7def60c94dcef72200b9a8e58e5091744960da64ec734a6c6e9b3743e"

[[package]]
name = "windows_i686_gnu"
version = "0.52.6"
source = "registry+https://github.com/rust-lang/crates.io-index"
checksum = "8e9b5ad5ab802e97eb8e295ac6720e509ee4c243f69d781394014ebfe8bbfa0b"

[[package]]
name = "windows_i686_gnullvm"
version = "0.52.6"
source = "registry+https://github.com/rust-lang/crates.io-index"
checksum = "0eee52d38c090b3caa76c563b86c3a4bd71ef1a819287c19d586d7334ae8ed66"

[[package]]
name = "windows_i686_msvc"
version = "0.48.5"
source = "registry+https://github.com/rust-lang/crates.io-index"
checksum = "8f55c233f70c4b27f66c523580f78f1004e8b5a8b659e05a4eb49d4166cca406"

[[package]]
name = "windows_i686_msvc"
version = "0.52.6"
source = "registry+https://github.com/rust-lang/crates.io-index"
checksum = "240948bc05c5e7c6dabba28bf89d89ffce3e303022809e73deaefe4f6ec56c66"

[[package]]
name = "windows_x86_64_gnu"
version = "0.48.5"
source = "registry+https://github.com/rust-lang/crates.io-index"
checksum = "53d40abd2583d23e4718fddf1ebec84dbff8381c07cae67ff7768bbf19c6718e"

[[package]]
name = "windows_x86_64_gnu"
version = "0.52.6"
source = "registry+https://github.com/rust-lang/crates.io-index"
checksum = "147a5c80aabfbf0c7d901cb5895d1de30ef2907eb21fbbab29ca94c5b08b1a78"

[[package]]
name = "windows_x86_64_gnullvm"
version = "0.48.5"
source = "registry+https://github.com/rust-lang/crates.io-index"
checksum = "0b7b52767868a23d5bab768e390dc5f5c55825b6d30b86c844ff2dc7414044cc"

[[package]]
name = "windows_x86_64_gnullvm"
version = "0.52.6"
source = "registry+https://github.com/rust-lang/crates.io-index"
checksum = "24d5b23dc417412679681396f2b49f3de8c1473deb516bd34410872eff51ed0d"

[[package]]
name = "windows_x86_64_msvc"
version = "0.48.5"
source = "registry+https://github.com/rust-lang/crates.io-index"
checksum = "ed94fce61571a4006852b7389a063ab983c02eb1bb37b47f8272ce92d06d9538"

[[package]]
name = "windows_x86_64_msvc"
version = "0.52.6"
source = "registry+https://github.com/rust-lang/crates.io-index"
checksum = "589f6da84c646204747d1270a2a5661ea66ed1cced2631d546fdfb155959f9ec"

[[package]]
name = "x11-clipboard"
version = "0.9.2"
source = "registry+https://github.com/rust-lang/crates.io-index"
checksum = "b98785a09322d7446e28a13203d2cae1059a0dd3dfb32cb06d0a225f023d8286"
dependencies = [
 "libc",
 "x11rb",
]

[[package]]
name = "x11rb"
version = "0.13.1"
source = "registry+https://github.com/rust-lang/crates.io-index"
checksum = "5d91ffca73ee7f68ce055750bf9f6eca0780b8c85eff9bc046a3b0da41755e12"
dependencies = [
 "gethostname",
 "rustix",
 "x11rb-protocol",
]

[[package]]
name = "x11rb-protocol"
version = "0.13.1"
source = "registry+https://github.com/rust-lang/crates.io-index"
checksum = "ec107c4503ea0b4a98ef47356329af139c0a4f7750e621cf2973cd3385ebcb3d"

[[package]]
name = "xcursor"
version = "0.3.5"
source = "registry+https://github.com/rust-lang/crates.io-index"
checksum = "6a0ccd7b4a5345edfcd0c3535718a4e9ff7798ffc536bb5b5a0e26ff84732911"

[[package]]
name = "xkeysym"
version = "0.2.1"
source = "registry+https://github.com/rust-lang/crates.io-index"
checksum = "b9cc00251562a284751c9973bace760d86c0276c471b4be569fe6b068ee97a56"

[[package]]
name = "xmlwriter"
version = "0.1.0"
source = "registry+https://github.com/rust-lang/crates.io-index"
checksum = "ec7a2a501ed189703dba8b08142f057e887dfc4b2cc4db2d343ac6376ba3e0b9"

[[package]]
name = "zerocopy"
version = "0.8.31"
source = "registry+https://github.com/rust-lang/crates.io-index"
checksum = "fd74ec98b9250adb3ca554bdde269adf631549f51d8a8f8f0a10b50f1cb298c3"
dependencies = [
 "zerocopy-derive",
]

[[package]]
name = "zerocopy-derive"
version = "0.8.31"
source = "registry+https://github.com/rust-lang/crates.io-index"
checksum = "d8a8d209fdf45cf5138cbb5a506f6b52522a25afccc534d1475dad8e31105c6a"
dependencies = [
 "proc-macro2",
 "quote",
 "syn",
]
