# This file is automatically @generated by Cargo.
# It is not intended for manual editing.
version = 3

[[package]]
name = "ab_glyph"
version = "0.2.28"
source = "registry+https://github.com/rust-lang/crates.io-index"
checksum = "79faae4620f45232f599d9bc7b290f88247a0834162c4495ab2f02d60004adfb"
dependencies = [
 "ab_glyph_rasterizer",
 "owned_ttf_parser",
]

[[package]]
name = "ab_glyph_rasterizer"
version = "0.1.8"
source = "registry+https://github.com/rust-lang/crates.io-index"
checksum = "c71b1793ee61086797f5c80b6efa2b8ffa6d5dd703f118545808a7f2e27f7046"

[[package]]
name = "accesskit"
version = "0.12.3"
source = "registry+https://github.com/rust-lang/crates.io-index"
checksum = "74a4b14f3d99c1255dcba8f45621ab1a2e7540a0009652d33989005a4d0bfc6b"
dependencies = [
 "enumn",
 "serde",
]

[[package]]
name = "ahash"
version = "0.8.11"
source = "registry+https://github.com/rust-lang/crates.io-index"
checksum = "e89da841a80418a9b391ebaea17f5c112ffaaa96f621d2c285b5174da76b9011"
dependencies = [
 "cfg-if",
 "once_cell",
 "serde",
 "version_check",
 "zerocopy",
]

[[package]]
name = "autocfg"
version = "1.3.0"
source = "registry+https://github.com/rust-lang/crates.io-index"
checksum = "0c4b4d0bd25bd0b74681c0ad21497610ce1b7c91b1022cd21c80c6fbdd9476b0"

[[package]]
name = "bitflags"
version = "2.6.0"
source = "registry+https://github.com/rust-lang/crates.io-index"
checksum = "b048fb63fd8b5923fc5aa7b340d8e156aec7ec02f0c78fa8a6ddc2613f6f71de"

[[package]]
name = "block"
version = "0.1.6"
source = "registry+https://github.com/rust-lang/crates.io-index"
checksum = "0d8c1fef690941d3e7788d328517591fecc684c084084702d6ff1641e993699a"

[[package]]
name = "bumpalo"
version = "3.16.0"
source = "registry+https://github.com/rust-lang/crates.io-index"
checksum = "79296716171880943b8470b5f8d03aa55eb2e645a4874bdbb28adb49162e012c"

[[package]]
name = "bytemuck"
version = "1.16.1"
source = "registry+https://github.com/rust-lang/crates.io-index"
checksum = "b236fc92302c97ed75b38da1f4917b5cdda4984745740f153a5d3059e48d725e"
dependencies = [
 "bytemuck_derive",
]

[[package]]
name = "bytemuck_derive"
version = "1.7.0"
source = "registry+https://github.com/rust-lang/crates.io-index"
checksum = "1ee891b04274a59bd38b412188e24b849617b2e45a0fd8d057deb63e7403761b"
dependencies = [
 "proc-macro2",
 "quote",
 "syn",
]

[[package]]
name = "calloop"
version = "0.12.4"
source = "registry+https://github.com/rust-lang/crates.io-index"
checksum = "fba7adb4dd5aa98e5553510223000e7148f621165ec5f9acd7113f6ca4995298"
dependencies = [
 "bitflags",
 "log",
 "polling",
 "rustix",
 "slab",
 "thiserror",
]

[[package]]
name = "calloop-wayland-source"
version = "0.2.0"
source = "registry+https://github.com/rust-lang/crates.io-index"
checksum = "0f0ea9b9476c7fad82841a8dbb380e2eae480c21910feba80725b46931ed8f02"
dependencies = [
 "calloop",
 "rustix",
 "wayland-backend",
 "wayland-client",
]

[[package]]
name = "cc"
version = "1.0.105"
source = "registry+https://github.com/rust-lang/crates.io-index"
checksum = "5208975e568d83b6b05cc0a063c8e7e9acc2b43bee6da15616a5b73e109d7437"

[[package]]
name = "cfg-if"
version = "1.0.0"
source = "registry+https://github.com/rust-lang/crates.io-index"
checksum = "baf1de4339761588bc0619e3cbc0120ee582ebb74b53b4efbf79117bd2da40fd"

[[package]]
name = "clipboard-win"
version = "3.1.1"
source = "registry+https://github.com/rust-lang/crates.io-index"
checksum = "9fdf5e01086b6be750428ba4a40619f847eb2e95756eee84b18e06e5f0b50342"
dependencies = [
 "lazy-bytes-cast",
 "winapi",
]

[[package]]
name = "color-hex"
version = "0.2.0"
source = "registry+https://github.com/rust-lang/crates.io-index"
checksum = "ecdffb913a326b6c642290a0d0ec8e8d6597291acdc07cc4c9cb4b3635d44cf9"

[[package]]
name = "concurrent-queue"
version = "2.5.0"
source = "registry+https://github.com/rust-lang/crates.io-index"
checksum = "4ca0197aee26d1ae37445ee532fefce43251d24cc7c166799f4d46817f1d3973"
dependencies = [
 "crossbeam-utils",
]

[[package]]
name = "copypasta"
version = "0.10.1"
source = "registry+https://github.com/rust-lang/crates.io-index"
checksum = "deb85422867ca93da58b7f95fb5c0c10f6183ed6e1ef8841568968a896d3a858"
dependencies = [
 "clipboard-win",
 "objc",
 "objc-foundation",
 "objc_id",
 "smithay-clipboard",
 "x11-clipboard",
]

[[package]]
name = "crossbeam-utils"
version = "0.8.20"
source = "registry+https://github.com/rust-lang/crates.io-index"
checksum = "22ec99545bb0ed0ea7bb9b8e1e9122ea386ff8a48c0922e43f36d45ab09e0e80"

[[package]]
name = "cursor-icon"
version = "1.1.0"
source = "registry+https://github.com/rust-lang/crates.io-index"
checksum = "96a6ac251f4a2aca6b3f91340350eab87ae57c3f127ffeb585e92bd336717991"

[[package]]
name = "dlib"
version = "0.5.2"
source = "registry+https://github.com/rust-lang/crates.io-index"
checksum = "330c60081dcc4c72131f8eb70510f1ac07223e5d4163db481a04a0befcffa412"
dependencies = [
 "libloading",
]

[[package]]
name = "downcast-rs"
version = "1.2.1"
source = "registry+https://github.com/rust-lang/crates.io-index"
checksum = "75b325c5dbd37f80359721ad39aca5a29fb04c89279657cffdda8736d0c0b9d2"

[[package]]
name = "ecolor"
version = "0.28.1"
source = "registry+https://github.com/rust-lang/crates.io-index"
checksum = "2e6b451ff1143f6de0f33fc7f1b68fecfd2c7de06e104de96c4514de3f5396f8"
dependencies = [
 "bytemuck",
 "color-hex",
 "emath",
 "serde",
]

[[package]]
name = "egui"
version = "0.28.1"
source = "registry+https://github.com/rust-lang/crates.io-index"
checksum = "20c97e70a2768de630f161bb5392cbd3874fcf72868f14df0e002e82e06cb798"
dependencies = [
 "accesskit",
 "ahash",
 "emath",
 "epaint",
 "nohash-hasher",
 "serde",
]

[[package]]
name = "egui-miniquad"
version = "0.15.0"
dependencies = [
 "bytemuck",
 "copypasta",
 "egui",
 "egui_demo_lib",
 "getrandom",
 "glam",
 "miniquad",
 "quad-rand",
 "quad-url",
 "tracing-subscriber",
]

[[package]]
name = "egui_demo_lib"
version = "0.28.1"
source = "registry+https://github.com/rust-lang/crates.io-index"
checksum = "78fd33ffd7c7a17d4b01462afc5cd421d6b81abea83064501d44c5af3a62e3b0"
dependencies = [
 "egui",
 "egui_extras",
 "egui_plot",
 "log",
 "unicode_names2",
]

[[package]]
name = "egui_extras"
version = "0.28.1"
source = "registry+https://github.com/rust-lang/crates.io-index"
checksum = "5bb783d9fa348f69ed5c340aa25af78b5472043090e8b809040e30960cc2a746"
dependencies = [
 "ahash",
 "egui",
 "enum-map",
 "log",
 "mime_guess2",
 "serde",
]

[[package]]
name = "egui_plot"
version = "0.28.1"
source = "registry+https://github.com/rust-lang/crates.io-index"
checksum = "c7acc4fe778c41b91d57e04c1a2cf5765b3dc977f9f8384d2bb2eb4254855365"
dependencies = [
 "ahash",
 "egui",
 "emath",
]

[[package]]
name = "emath"
version = "0.28.1"
source = "registry+https://github.com/rust-lang/crates.io-index"
checksum = "0a6a21708405ea88f63d8309650b4d77431f4bc28fb9d8e6f77d3963b51249e6"
dependencies = [
 "bytemuck",
 "serde",
]

[[package]]
name = "enum-map"
version = "2.7.3"
source = "registry+https://github.com/rust-lang/crates.io-index"
checksum = "6866f3bfdf8207509a033af1a75a7b08abda06bbaaeae6669323fd5a097df2e9"
dependencies = [
 "enum-map-derive",
 "serde",
]

[[package]]
name = "enum-map-derive"
version = "0.17.0"
source = "registry+https://github.com/rust-lang/crates.io-index"
checksum = "f282cfdfe92516eb26c2af8589c274c7c17681f5ecc03c18255fe741c6aa64eb"
dependencies = [
 "proc-macro2",
 "quote",
 "syn",
]

[[package]]
name = "enumn"
version = "0.1.13"
source = "registry+https://github.com/rust-lang/crates.io-index"
checksum = "6fd000fd6988e73bbe993ea3db9b1aa64906ab88766d654973924340c8cddb42"
dependencies = [
 "proc-macro2",
 "quote",
 "syn",
]

[[package]]
name = "epaint"
version = "0.28.1"
source = "registry+https://github.com/rust-lang/crates.io-index"
checksum = "3f0dcc0a0771e7500e94cd1cb797bd13c9f23b9409bdc3c824e2cbc562b7fa01"
dependencies = [
 "ab_glyph",
 "ahash",
 "bytemuck",
 "ecolor",
 "emath",
 "nohash-hasher",
 "parking_lot",
 "serde",
]

[[package]]
name = "errno"
version = "0.3.9"
source = "registry+https://github.com/rust-lang/crates.io-index"
checksum = "534c5cf6194dfab3db3242765c03bbe257cf92f22b38f6bc0c58d59108a820ba"
dependencies = [
 "libc",
 "windows-sys",
]

[[package]]
name = "gethostname"
version = "0.4.3"
source = "registry+https://github.com/rust-lang/crates.io-index"
checksum = "0176e0459c2e4a1fe232f984bca6890e681076abb9934f6cea7c326f3fc47818"
dependencies = [
 "libc",
 "windows-targets 0.48.5",
]

[[package]]
name = "getrandom"
version = "0.2.15"
source = "registry+https://github.com/rust-lang/crates.io-index"
checksum = "c4567c8db10ae91089c99af84c68c38da3ec2f087c3f82960bcdbf3656b6f4d7"
dependencies = [
 "cfg-if",
 "libc",
 "wasi",
]

[[package]]
name = "glam"
version = "0.28.0"
source = "registry+https://github.com/rust-lang/crates.io-index"
checksum = "779ae4bf7e8421cf91c0b3b64e7e8b40b862fba4d393f59150042de7c4965a94"

[[package]]
name = "hermit-abi"
version = "0.4.0"
source = "registry+https://github.com/rust-lang/crates.io-index"
checksum = "fbf6a919d6cf397374f7dfeeea91d974c7c0a7221d0d0f4f20d859d329e53fcc"

[[package]]
name = "js-sys"
version = "0.3.69"
source = "registry+https://github.com/rust-lang/crates.io-index"
checksum = "29c15563dc2726973df627357ce0c9ddddbea194836909d655df6a75d2cf296d"
dependencies = [
 "wasm-bindgen",
]

[[package]]
name = "lazy-bytes-cast"
version = "5.0.1"
source = "registry+https://github.com/rust-lang/crates.io-index"
checksum = "10257499f089cd156ad82d0a9cd57d9501fa2c989068992a97eb3c27836f206b"

[[package]]
name = "lazy_static"
version = "1.5.0"
source = "registry+https://github.com/rust-lang/crates.io-index"
checksum = "bbd2bcb4c963f2ddae06a2efc7e9f3591312473c50c6685e1f298068316e66fe"

[[package]]
name = "libc"
version = "0.2.155"
source = "registry+https://github.com/rust-lang/crates.io-index"
checksum = "97b3888a4aecf77e811145cadf6eef5901f4782c53886191b2f693f24761847c"

[[package]]
name = "libloading"
version = "0.8.4"
source = "registry+https://github.com/rust-lang/crates.io-index"
checksum = "e310b3a6b5907f99202fcdb4960ff45b93735d7c7d96b760fcff8db2dc0e103d"
dependencies = [
 "cfg-if",
 "windows-targets 0.52.6",
]

[[package]]
name = "linux-raw-sys"
version = "0.4.14"
source = "registry+https://github.com/rust-lang/crates.io-index"
checksum = "78b3ae25bc7c8c38cec158d1f2757ee79e9b3740fbc7ccf0e59e4b08d793fa89"

[[package]]
name = "lock_api"
version = "0.4.12"
source = "registry+https://github.com/rust-lang/crates.io-index"
checksum = "07af8b9cdd281b7915f413fa73f29ebd5d55d0d3f0155584dade1ff18cea1b17"
dependencies = [
 "autocfg",
 "scopeguard",
]

[[package]]
name = "log"
version = "0.4.22"
source = "registry+https://github.com/rust-lang/crates.io-index"
checksum = "a7a70ba024b9dc04c27ea2f0c0548feb474ec5c54bba33a7f72f873a39d07b24"

[[package]]
name = "malloc_buf"
version = "0.0.6"
source = "registry+https://github.com/rust-lang/crates.io-index"
checksum = "62bb907fe88d54d8d9ce32a3cceab4218ed2f6b7d35617cafe9adf84e43919cb"
dependencies = [
 "libc",
]

[[package]]
name = "memchr"
version = "2.7.4"
source = "registry+https://github.com/rust-lang/crates.io-index"
checksum = "78ca9ab1a0babb1e7d5695e3530886289c18cf2f87ec19a575a0abdce112e3a3"

[[package]]
name = "memmap2"
version = "0.9.4"
source = "registry+https://github.com/rust-lang/crates.io-index"
checksum = "fe751422e4a8caa417e13c3ea66452215d7d63e19e604f4980461212f3ae1322"
dependencies = [
 "libc",
]

[[package]]
name = "mime"
version = "0.3.17"
source = "registry+https://github.com/rust-lang/crates.io-index"
checksum = "6877bb514081ee2a7ff5ef9de3281f14a4dd4bceac4c09388074a6b5df8a139a"

[[package]]
name = "mime_guess2"
version = "2.0.5"
source = "registry+https://github.com/rust-lang/crates.io-index"
checksum = "25a3333bb1609500601edc766a39b4c1772874a4ce26022f4d866854dc020c41"
dependencies = [
 "mime",
 "unicase",
]

[[package]]
name = "miniquad"
version = "0.4.5"
source = "registry+https://github.com/rust-lang/crates.io-index"
checksum = "0fc9c33a02870e728cf798dc0a69f29039f96ba13e46cde0f91d4b364eeb17a1"
dependencies = [
 "libc",
 "ndk-sys",
 "objc",
 "winapi",
]

[[package]]
name = "ndk-sys"
version = "0.2.2"
source = "registry+https://github.com/rust-lang/crates.io-index"
checksum = "e1bcdd74c20ad5d95aacd60ef9ba40fdf77f767051040541df557b7a9b2a2121"

[[package]]
name = "nohash-hasher"
version = "0.2.0"
source = "registry+https://github.com/rust-lang/crates.io-index"
checksum = "2bf50223579dc7cdcfb3bfcacf7069ff68243f8c363f62ffa99cf000a6b9c451"

[[package]]
name = "nu-ansi-term"
version = "0.46.0"
source = "registry+https://github.com/rust-lang/crates.io-index"
checksum = "77a8165726e8236064dbb45459242600304b42a5ea24ee2948e18e023bf7ba84"
dependencies = [
 "overload",
 "winapi",
]

[[package]]
name = "objc"
version = "0.2.7"
source = "registry+https://github.com/rust-lang/crates.io-index"
checksum = "915b1b472bc21c53464d6c8461c9d3af805ba1ef837e1cac254428f4a77177b1"
dependencies = [
 "malloc_buf",
]

[[package]]
name = "objc-foundation"
version = "0.1.1"
source = "registry+https://github.com/rust-lang/crates.io-index"
checksum = "1add1b659e36c9607c7aab864a76c7a4c2760cd0cd2e120f3fb8b952c7e22bf9"
dependencies = [
 "block",
 "objc",
 "objc_id",
]

[[package]]
name = "objc_id"
version = "0.1.1"
source = "registry+https://github.com/rust-lang/crates.io-index"
checksum = "c92d4ddb4bd7b50d730c215ff871754d0da6b2178849f8a2a2ab69712d0c073b"
dependencies = [
 "objc",
]

[[package]]
name = "once_cell"
version = "1.19.0"
source = "registry+https://github.com/rust-lang/crates.io-index"
checksum = "3fdb12b2476b595f9358c5161aa467c2438859caa136dec86c26fdd2efe17b92"

[[package]]
name = "overload"
version = "0.1.1"
source = "registry+https://github.com/rust-lang/crates.io-index"
checksum = "b15813163c1d831bf4a13c3610c05c0d03b39feb07f7e09fa234dac9b15aaf39"

[[package]]
name = "owned_ttf_parser"
version = "0.24.0"
source = "registry+https://github.com/rust-lang/crates.io-index"
checksum = "490d3a563d3122bf7c911a59b0add9389e5ec0f5f0c3ac6b91ff235a0e6a7f90"
dependencies = [
 "ttf-parser",
]

[[package]]
name = "parking_lot"
version = "0.12.3"
source = "registry+https://github.com/rust-lang/crates.io-index"
checksum = "f1bf18183cf54e8d6059647fc3063646a1801cf30896933ec2311622cc4b9a27"
dependencies = [
 "lock_api",
 "parking_lot_core",
]

[[package]]
name = "parking_lot_core"
version = "0.9.10"
source = "registry+https://github.com/rust-lang/crates.io-index"
checksum = "1e401f977ab385c9e4e3ab30627d6f26d00e2c73eef317493c4ec6d468726cf8"
dependencies = [
 "cfg-if",
 "libc",
 "redox_syscall",
 "smallvec",
 "windows-targets 0.52.6",
]

[[package]]
name = "pin-project-lite"
version = "0.2.14"
source = "registry+https://github.com/rust-lang/crates.io-index"
checksum = "bda66fc9667c18cb2758a2ac84d1167245054bcf85d5d1aaa6923f45801bdd02"

[[package]]
name = "pkg-config"
version = "0.3.30"
source = "registry+https://github.com/rust-lang/crates.io-index"
checksum = "d231b230927b5e4ad203db57bbcbee2802f6bce620b1e4a9024a07d94e2907ec"

[[package]]
name = "polling"
version = "3.7.2"
source = "registry+https://github.com/rust-lang/crates.io-index"
checksum = "a3ed00ed3fbf728b5816498ecd316d1716eecaced9c0c8d2c5a6740ca214985b"
dependencies = [
 "cfg-if",
 "concurrent-queue",
 "hermit-abi",
 "pin-project-lite",
 "rustix",
 "tracing",
 "windows-sys",
]

[[package]]
name = "proc-macro2"
version = "1.0.86"
source = "registry+https://github.com/rust-lang/crates.io-index"
checksum = "5e719e8df665df0d1c8fbfd238015744736151d4445ec0836b8e628aae103b77"
dependencies = [
 "unicode-ident",
]

[[package]]
name = "quad-rand"
version = "0.2.1"
source = "registry+https://github.com/rust-lang/crates.io-index"
checksum = "658fa1faf7a4cc5f057c9ee5ef560f717ad9d8dc66d975267f709624d6e1ab88"

[[package]]
name = "quad-url"
version = "0.1.1"
source = "registry+https://github.com/rust-lang/crates.io-index"
checksum = "e674b7e6218e9d5d01ca431e2088b647cd75cdf483f8201533dcb1fecfa25f03"
dependencies = [
 "sapp-jsutils",
 "webbrowser",
]

[[package]]
name = "quick-xml"
version = "0.34.0"
source = "registry+https://github.com/rust-lang/crates.io-index"
checksum = "6f24d770aeca0eacb81ac29dfbc55ebcc09312fdd1f8bbecdc7e4a84e000e3b4"
dependencies = [
 "memchr",
]

[[package]]
name = "quote"
version = "1.0.36"
source = "registry+https://github.com/rust-lang/crates.io-index"
checksum = "0fa76aaf39101c457836aec0ce2316dbdc3ab723cdda1c6bd4e6ad4208acaca7"
dependencies = [
 "proc-macro2",
]

[[package]]
name = "redox_syscall"
version = "0.5.2"
source = "registry+https://github.com/rust-lang/crates.io-index"
checksum = "c82cf8cff14456045f55ec4241383baeff27af886adb72ffb2162f99911de0fd"
dependencies = [
 "bitflags",
]

[[package]]
name = "rustix"
version = "0.38.34"
source = "registry+https://github.com/rust-lang/crates.io-index"
checksum = "70dc5ec042f7a43c4a73241207cecc9873a06d45debb38b329f8541d85c2730f"
dependencies = [
 "bitflags",
 "errno",
 "libc",
 "linux-raw-sys",
 "windows-sys",
]

[[package]]
name = "sapp-jsutils"
version = "0.1.5"
source = "registry+https://github.com/rust-lang/crates.io-index"
checksum = "bb8ababa867431fa6c0a178248bfe7e77b5d1de357c9848883ba8e3946bb21d4"

[[package]]
name = "scoped-tls"
version = "1.0.1"
source = "registry+https://github.com/rust-lang/crates.io-index"
checksum = "e1cf6437eb19a8f4a6cc0f7dca544973b0b78843adbfeb3683d1a94a0024a294"

[[package]]
name = "scopeguard"
version = "1.2.0"
source = "registry+https://github.com/rust-lang/crates.io-index"
checksum = "94143f37725109f92c262ed2cf5e59bce7498c01bcc1502d7b9afe439a4e9f49"

[[package]]
name = "serde"
version = "1.0.204"
source = "registry+https://github.com/rust-lang/crates.io-index"
checksum = "bc76f558e0cbb2a839d37354c575f1dc3fdc6546b5be373ba43d95f231bf7c12"
dependencies = [
 "serde_derive",
]

[[package]]
name = "serde_derive"
version = "1.0.204"
source = "registry+https://github.com/rust-lang/crates.io-index"
checksum = "e0cd7e117be63d3c3678776753929474f3b04a43a080c744d6b0ae2a8c28e222"
dependencies = [
 "proc-macro2",
 "quote",
 "syn",
]

[[package]]
name = "sharded-slab"
version = "0.1.7"
source = "registry+https://github.com/rust-lang/crates.io-index"
checksum = "f40ca3c46823713e0d4209592e8d6e826aa57e928f09752619fc696c499637f6"
dependencies = [
 "lazy_static",
]

[[package]]
name = "slab"
version = "0.4.9"
source = "registry+https://github.com/rust-lang/crates.io-index"
checksum = "8f92a496fb766b417c996b9c5e57daf2f7ad3b0bebe1ccfca4856390e3d3bb67"
dependencies = [
 "autocfg",
]

[[package]]
name = "smallvec"
version = "1.13.2"
source = "registry+https://github.com/rust-lang/crates.io-index"
checksum = "3c5e1a9a646d36c3599cd173a41282daf47c44583ad367b8e6837255952e5c67"

[[package]]
name = "smithay-client-toolkit"
version = "0.18.1"
source = "registry+https://github.com/rust-lang/crates.io-index"
checksum = "922fd3eeab3bd820d76537ce8f582b1cf951eceb5475c28500c7457d9d17f53a"
dependencies = [
 "bitflags",
 "calloop",
 "calloop-wayland-source",
 "cursor-icon",
 "libc",
 "log",
 "memmap2",
 "rustix",
 "thiserror",
 "wayland-backend",
 "wayland-client",
 "wayland-csd-frame",
 "wayland-cursor",
 "wayland-protocols",
 "wayland-protocols-wlr",
 "wayland-scanner",
 "xkeysym",
]

[[package]]
name = "smithay-clipboard"
version = "0.7.1"
source = "registry+https://github.com/rust-lang/crates.io-index"
checksum = "c091e7354ea8059d6ad99eace06dd13ddeedbb0ac72d40a9a6e7ff790525882d"
dependencies = [
 "libc",
 "smithay-client-toolkit",
 "wayland-backend",
]

[[package]]
name = "syn"
version = "2.0.69"
source = "registry+https://github.com/rust-lang/crates.io-index"
checksum = "201fcda3845c23e8212cd466bfebf0bd20694490fc0356ae8e428e0824a915a6"
dependencies = [
 "proc-macro2",
 "quote",
 "unicode-ident",
]

[[package]]
name = "thiserror"
version = "1.0.61"
source = "registry+https://github.com/rust-lang/crates.io-index"
checksum = "c546c80d6be4bc6a00c0f01730c08df82eaa7a7a61f11d656526506112cc1709"
dependencies = [
 "thiserror-impl",
]

[[package]]
name = "thiserror-impl"
version = "1.0.61"
source = "registry+https://github.com/rust-lang/crates.io-index"
checksum = "46c3384250002a6d5af4d114f2845d37b57521033f30d5c3f46c4d70e1197533"
dependencies = [
 "proc-macro2",
 "quote",
 "syn",
]

[[package]]
name = "thread_local"
version = "1.1.8"
source = "registry+https://github.com/rust-lang/crates.io-index"
checksum = "8b9ef9bad013ada3808854ceac7b46812a6465ba368859a37e2100283d2d719c"
dependencies = [
 "cfg-if",
 "once_cell",
]

[[package]]
name = "tracing"
version = "0.1.40"
source = "registry+https://github.com/rust-lang/crates.io-index"
checksum = "c3523ab5a71916ccf420eebdf5521fcef02141234bbc0b8a49f2fdc4544364ef"
dependencies = [
 "pin-project-lite",
 "tracing-core",
]

[[package]]
name = "tracing-core"
version = "0.1.32"
source = "registry+https://github.com/rust-lang/crates.io-index"
checksum = "c06d3da6113f116aaee68e4d601191614c9053067f9ab7f6edbcb161237daa54"
dependencies = [
 "once_cell",
 "valuable",
]

[[package]]
name = "tracing-log"
version = "0.2.0"
source = "registry+https://github.com/rust-lang/crates.io-index"
checksum = "ee855f1f400bd0e5c02d150ae5de3840039a3f54b025156404e34c23c03f47c3"
dependencies = [
 "log",
 "once_cell",
 "tracing-core",
]

[[package]]
name = "tracing-subscriber"
version = "0.3.18"
source = "registry+https://github.com/rust-lang/crates.io-index"
checksum = "ad0f048c97dbd9faa9b7df56362b8ebcaa52adb06b498c050d2f4e32f90a7a8b"
dependencies = [
 "nu-ansi-term",
 "sharded-slab",
 "smallvec",
 "thread_local",
 "tracing-core",
 "tracing-log",
]

[[package]]
name = "ttf-parser"
version = "0.24.0"
source = "registry+https://github.com/rust-lang/crates.io-index"
checksum = "8686b91785aff82828ed725225925b33b4fde44c4bb15876e5f7c832724c420a"

[[package]]
name = "unicase"
version = "2.7.0"
source = "registry+https://github.com/rust-lang/crates.io-index"
checksum = "f7d2d4dafb69621809a81864c9c1b864479e1235c0dd4e199924b9742439ed89"
dependencies = [
 "version_check",
]

[[package]]
name = "unicode-ident"
version = "1.0.12"
source = "registry+https://github.com/rust-lang/crates.io-index"
checksum = "3354b9ac3fae1ff6755cb6db53683adb661634f67557942dea4facebec0fee4b"

[[package]]
name = "unicode_names2"
version = "0.6.0"
source = "registry+https://github.com/rust-lang/crates.io-index"
checksum = "446c96c6dd42604779487f0a981060717156648c1706aa1f464677f03c6cc059"

[[package]]
name = "valuable"
version = "0.1.0"
source = "registry+https://github.com/rust-lang/crates.io-index"
checksum = "830b7e5d4d90034032940e4ace0d9a9a057e7a45cd94e6c007832e39edb82f6d"

[[package]]
name = "version_check"
version = "0.9.4"
source = "registry+https://github.com/rust-lang/crates.io-index"
checksum = "49874b5167b65d7193b8aba1567f5c7d93d001cafc34600cee003eda787e483f"

[[package]]
name = "wasi"
version = "0.11.0+wasi-snapshot-preview1"
source = "registry+https://github.com/rust-lang/crates.io-index"
checksum = "9c8d87e72b64a3b4db28d11ce29237c246188f4f51057d65a7eab63b7987e423"

[[package]]
name = "wasm-bindgen"
version = "0.2.92"
source = "registry+https://github.com/rust-lang/crates.io-index"
checksum = "4be2531df63900aeb2bca0daaaddec08491ee64ceecbee5076636a3b026795a8"
dependencies = [
 "cfg-if",
 "wasm-bindgen-macro",
]

[[package]]
name = "wasm-bindgen-backend"
version = "0.2.92"
source = "registry+https://github.com/rust-lang/crates.io-index"
checksum = "614d787b966d3989fa7bb98a654e369c762374fd3213d212cfc0251257e747da"
dependencies = [
 "bumpalo",
 "log",
 "once_cell",
 "proc-macro2",
 "quote",
 "syn",
 "wasm-bindgen-shared",
]

[[package]]
name = "wasm-bindgen-macro"
version = "0.2.92"
source = "registry+https://github.com/rust-lang/crates.io-index"
checksum = "a1f8823de937b71b9460c0c34e25f3da88250760bec0ebac694b49997550d726"
dependencies = [
 "quote",
 "wasm-bindgen-macro-support",
]

[[package]]
name = "wasm-bindgen-macro-support"
version = "0.2.92"
source = "registry+https://github.com/rust-lang/crates.io-index"
checksum = "e94f17b526d0a461a191c78ea52bbce64071ed5c04c9ffe424dcb38f74171bb7"
dependencies = [
 "proc-macro2",
 "quote",
 "syn",
 "wasm-bindgen-backend",
 "wasm-bindgen-shared",
]

[[package]]
name = "wasm-bindgen-shared"
version = "0.2.92"
source = "registry+https://github.com/rust-lang/crates.io-index"
checksum = "af190c94f2773fdb3729c55b007a722abb5384da03bc0986df4c289bf5567e96"

[[package]]
name = "wayland-backend"
version = "0.3.5"
source = "registry+https://github.com/rust-lang/crates.io-index"
checksum = "269c04f203640d0da2092d1b8d89a2d081714ae3ac2f1b53e99f205740517198"
dependencies = [
 "cc",
 "downcast-rs",
 "rustix",
 "scoped-tls",
 "smallvec",
 "wayland-sys",
]

[[package]]
name = "wayland-client"
version = "0.31.4"
source = "registry+https://github.com/rust-lang/crates.io-index"
checksum = "08bd0f46c069d3382a36c8666c1b9ccef32b8b04f41667ca1fef06a1adcc2982"
dependencies = [
 "bitflags",
 "rustix",
 "wayland-backend",
 "wayland-scanner",
]

[[package]]
name = "wayland-csd-frame"
version = "0.3.0"
source = "registry+https://github.com/rust-lang/crates.io-index"
checksum = "625c5029dbd43d25e6aa9615e88b829a5cad13b2819c4ae129fdbb7c31ab4c7e"
dependencies = [
 "bitflags",
 "cursor-icon",
 "wayland-backend",
]

[[package]]
name = "wayland-cursor"
version = "0.31.4"
source = "registry+https://github.com/rust-lang/crates.io-index"
checksum = "09414bcf0fd8d9577d73e9ac4659ebc45bcc9cff1980a350543ad8e50ee263b2"
dependencies = [
 "rustix",
 "wayland-client",
 "xcursor",
]

[[package]]
name = "wayland-protocols"
version = "0.31.2"
source = "registry+https://github.com/rust-lang/crates.io-index"
checksum = "8f81f365b8b4a97f422ac0e8737c438024b5951734506b0e1d775c73030561f4"
dependencies = [
 "bitflags",
 "wayland-backend",
 "wayland-client",
 "wayland-scanner",
]

[[package]]
name = "wayland-protocols-wlr"
version = "0.2.0"
source = "registry+https://github.com/rust-lang/crates.io-index"
checksum = "ad1f61b76b6c2d8742e10f9ba5c3737f6530b4c243132c2a2ccc8aa96fe25cd6"
dependencies = [
 "bitflags",
 "wayland-backend",
 "wayland-client",
 "wayland-protocols",
 "wayland-scanner",
]

[[package]]
name = "wayland-scanner"
version = "0.31.3"
source = "registry+https://github.com/rust-lang/crates.io-index"
checksum = "edf466fc49a4feb65a511ca403fec3601494d0dee85dbf37fff6fa0dd4eec3b6"
dependencies = [
 "proc-macro2",
 "quick-xml",
 "quote",
]

[[package]]
name = "wayland-sys"
version = "0.31.3"
source = "registry+https://github.com/rust-lang/crates.io-index"
checksum = "4a6754825230fa5b27bafaa28c30b3c9e72c55530581220cef401fa422c0fae7"
dependencies = [
 "dlib",
 "log",
 "once_cell",
 "pkg-config",
]

[[package]]
name = "web-sys"
version = "0.3.69"
source = "registry+https://github.com/rust-lang/crates.io-index"
checksum = "77afa9a11836342370f4817622a2f0f418b134426d91a82dfb48f532d2ec13ef"
dependencies = [
 "js-sys",
 "wasm-bindgen",
]

[[package]]
name = "webbrowser"
version = "0.5.5"
source = "registry+https://github.com/rust-lang/crates.io-index"
checksum = "ecad156490d6b620308ed411cfee90d280b3cbd13e189ea0d3fada8acc89158a"
dependencies = [
 "web-sys",
 "widestring",
 "winapi",
]

[[package]]
name = "widestring"
version = "0.4.3"
source = "registry+https://github.com/rust-lang/crates.io-index"
checksum = "c168940144dd21fd8046987c16a46a33d5fc84eec29ef9dcddc2ac9e31526b7c"

[[package]]
name = "winapi"
version = "0.3.9"
source = "registry+https://github.com/rust-lang/crates.io-index"
checksum = "5c839a674fcd7a98952e593242ea400abe93992746761e38641405d28b00f419"
dependencies = [
 "winapi-i686-pc-windows-gnu",
 "winapi-x86_64-pc-windows-gnu",
]

[[package]]
name = "winapi-i686-pc-windows-gnu"
version = "0.4.0"
source = "registry+https://github.com/rust-lang/crates.io-index"
checksum = "ac3b87c63620426dd9b991e5ce0329eff545bccbbb34f3be09ff6fb6ab51b7b6"

[[package]]
name = "winapi-x86_64-pc-windows-gnu"
version = "0.4.0"
source = "registry+https://github.com/rust-lang/crates.io-index"
checksum = "712e227841d057c1ee1cd2fb22fa7e5a5461ae8e48fa2ca79ec42cfc1931183f"

[[package]]
name = "windows-sys"
version = "0.52.0"
source = "registry+https://github.com/rust-lang/crates.io-index"
checksum = "282be5f36a8ce781fad8c8ae18fa3f9beff57ec1b52cb3de0789201425d9a33d"
dependencies = [
 "windows-targets 0.52.6",
]

[[package]]
name = "windows-targets"
version = "0.48.5"
source = "registry+https://github.com/rust-lang/crates.io-index"
checksum = "9a2fa6e2155d7247be68c096456083145c183cbbbc2764150dda45a87197940c"
dependencies = [
 "windows_aarch64_gnullvm 0.48.5",
 "windows_aarch64_msvc 0.48.5",
 "windows_i686_gnu 0.48.5",
 "windows_i686_msvc 0.48.5",
 "windows_x86_64_gnu 0.48.5",
 "windows_x86_64_gnullvm 0.48.5",
 "windows_x86_64_msvc 0.48.5",
]

[[package]]
name = "windows-targets"
version = "0.52.6"
source = "registry+https://github.com/rust-lang/crates.io-index"
checksum = "9b724f72796e036ab90c1021d4780d4d3d648aca59e491e6b98e725b84e99973"
dependencies = [
 "windows_aarch64_gnullvm 0.52.6",
 "windows_aarch64_msvc 0.52.6",
 "windows_i686_gnu 0.52.6",
 "windows_i686_gnullvm",
 "windows_i686_msvc 0.52.6",
 "windows_x86_64_gnu 0.52.6",
 "windows_x86_64_gnullvm 0.52.6",
 "windows_x86_64_msvc 0.52.6",
]

[[package]]
name = "windows_aarch64_gnullvm"
version = "0.48.5"
source = "registry+https://github.com/rust-lang/crates.io-index"
checksum = "2b38e32f0abccf9987a4e3079dfb67dcd799fb61361e53e2882c3cbaf0d905d8"

[[package]]
name = "windows_aarch64_gnullvm"
version = "0.52.6"
source = "registry+https://github.com/rust-lang/crates.io-index"
checksum = "32a4622180e7a0ec044bb555404c800bc9fd9ec262ec147edd5989ccd0c02cd3"

[[package]]
name = "windows_aarch64_msvc"
version = "0.48.5"
source = "registry+https://github.com/rust-lang/crates.io-index"
checksum = "dc35310971f3b2dbbf3f0690a219f40e2d9afcf64f9ab7cc1be722937c26b4bc"

[[package]]
name = "windows_aarch64_msvc"
version = "0.52.6"
source = "registry+https://github.com/rust-lang/crates.io-index"
checksum = "09ec2a7bb152e2252b53fa7803150007879548bc709c039df7627cabbd05d469"

[[package]]
name = "windows_i686_gnu"
version = "0.48.5"
source = "registry+https://github.com/rust-lang/crates.io-index"
checksum = "a75915e7def60c94dcef72200b9a8e58e5091744960da64ec734a6c6e9b3743e"

[[package]]
name = "windows_i686_gnu"
version = "0.52.6"
source = "registry+https://github.com/rust-lang/crates.io-index"
checksum = "8e9b5ad5ab802e97eb8e295ac6720e509ee4c243f69d781394014ebfe8bbfa0b"

[[package]]
name = "windows_i686_gnullvm"
version = "0.52.6"
source = "registry+https://github.com/rust-lang/crates.io-index"
checksum = "0eee52d38c090b3caa76c563b86c3a4bd71ef1a819287c19d586d7334ae8ed66"

[[package]]
name = "windows_i686_msvc"
version = "0.48.5"
source = "registry+https://github.com/rust-lang/crates.io-index"
checksum = "8f55c233f70c4b27f66c523580f78f1004e8b5a8b659e05a4eb49d4166cca406"

[[package]]
name = "windows_i686_msvc"
version = "0.52.6"
source = "registry+https://github.com/rust-lang/crates.io-index"
checksum = "240948bc05c5e7c6dabba28bf89d89ffce3e303022809e73deaefe4f6ec56c66"

[[package]]
name = "windows_x86_64_gnu"
version = "0.48.5"
source = "registry+https://github.com/rust-lang/crates.io-index"
checksum = "53d40abd2583d23e4718fddf1ebec84dbff8381c07cae67ff7768bbf19c6718e"

[[package]]
name = "windows_x86_64_gnu"
version = "0.52.6"
source = "registry+https://github.com/rust-lang/crates.io-index"
checksum = "147a5c80aabfbf0c7d901cb5895d1de30ef2907eb21fbbab29ca94c5b08b1a78"

[[package]]
name = "windows_x86_64_gnullvm"
version = "0.48.5"
source = "registry+https://github.com/rust-lang/crates.io-index"
checksum = "0b7b52767868a23d5bab768e390dc5f5c55825b6d30b86c844ff2dc7414044cc"

[[package]]
name = "windows_x86_64_gnullvm"
version = "0.52.6"
source = "registry+https://github.com/rust-lang/crates.io-index"
checksum = "24d5b23dc417412679681396f2b49f3de8c1473deb516bd34410872eff51ed0d"

[[package]]
name = "windows_x86_64_msvc"
version = "0.48.5"
source = "registry+https://github.com/rust-lang/crates.io-index"
checksum = "ed94fce61571a4006852b7389a063ab983c02eb1bb37b47f8272ce92d06d9538"

[[package]]
name = "windows_x86_64_msvc"
version = "0.52.6"
source = "registry+https://github.com/rust-lang/crates.io-index"
checksum = "589f6da84c646204747d1270a2a5661ea66ed1cced2631d546fdfb155959f9ec"

[[package]]
name = "x11-clipboard"
version = "0.9.2"
source = "registry+https://github.com/rust-lang/crates.io-index"
checksum = "b98785a09322d7446e28a13203d2cae1059a0dd3dfb32cb06d0a225f023d8286"
dependencies = [
 "libc",
 "x11rb",
]

[[package]]
name = "x11rb"
version = "0.13.1"
source = "registry+https://github.com/rust-lang/crates.io-index"
checksum = "5d91ffca73ee7f68ce055750bf9f6eca0780b8c85eff9bc046a3b0da41755e12"
dependencies = [
 "gethostname",
 "rustix",
 "x11rb-protocol",
]

[[package]]
name = "x11rb-protocol"
version = "0.13.1"
source = "registry+https://github.com/rust-lang/crates.io-index"
checksum = "ec107c4503ea0b4a98ef47356329af139c0a4f7750e621cf2973cd3385ebcb3d"

[[package]]
name = "xcursor"
version = "0.3.5"
source = "registry+https://github.com/rust-lang/crates.io-index"
checksum = "6a0ccd7b4a5345edfcd0c3535718a4e9ff7798ffc536bb5b5a0e26ff84732911"

[[package]]
name = "xkeysym"
version = "0.2.1"
source = "registry+https://github.com/rust-lang/crates.io-index"
checksum = "b9cc00251562a284751c9973bace760d86c0276c471b4be569fe6b068ee97a56"

[[package]]
name = "zerocopy"
version = "0.7.35"
source = "registry+https://github.com/rust-lang/crates.io-index"
checksum = "1b9b4fd18abc82b8136838da5d50bae7bdea537c574d8dc1a34ed098d6c166f0"
dependencies = [
 "zerocopy-derive",
]

[[package]]
name = "zerocopy-derive"
version = "0.7.35"
source = "registry+https://github.com/rust-lang/crates.io-index"
checksum = "fa4f8080344d4671fb4e831a13ad1e68092748387dfc4f55e356242fae12ce3e"
dependencies = [
 "proc-macro2",
 "quote",
 "syn",
]
